
Microsoft Visual Studio Solution File, Format Version 12.00
# Visual Studio 15
VisualStudioVersion = 15.0.28307.271
MinimumVisualStudioVersion = 10.0.40219.1
Project("{888888A0-9F3D-457C-B088-3A5042F75D52}") = "FileSharing", "FileSharing\FileSharing.pyproj", "{96758086-A218-4321-916F-9136C8D8B424}"
EndProject
Global
	GlobalSection(SolutionConfigurationPlatforms) = preSolution
		Debug|Any CPU = Debug|Any CPU
		Release|Any CPU = Release|Any CPU
	EndGlobalSection
	GlobalSection(ProjectConfigurationPlatforms) = postSolution
		{96758086-A218-4321-916F-9136C8D8B424}.Debug|Any CPU.ActiveCfg = Debug|Any CPU
		{96758086-A218-4321-916F-9136C8D8B424}.Release|Any CPU.ActiveCfg = Release|Any CPU
	EndGlobalSection
	GlobalSection(SolutionProperties) = preSolution
		HideSolutionNode = FALSE
	EndGlobalSection
	GlobalSection(ExtensibilityGlobals) = postSolution
		SolutionGuid = {24D897D4-A23E-42CC-91BC-61AE59DFFB65}
	EndGlobalSection
EndGlobal
